
Microsoft Visual Studio Solution File, Format Version 12.00
# Visual Studio Version 17
VisualStudioVersion = 17.2.32616.157
MinimumVisualStudioVersion = 10.0.40219.1
Project("{FAE04EC0-301F-11D3-BF4B-00C04F79EFBC}") = "verifica.12-11-22", "verifica.12-11-22\verifica.12-11-22.csproj", "{F4847B93-3577-4BDE-A87D-CB332B09F815}"
EndProject
Global
	GlobalSection(SolutionConfigurationPlatforms) = preSolution
		Debug|Any CPU = Debug|Any CPU
		Release|Any CPU = Release|Any CPU
	EndGlobalSection
	GlobalSection(ProjectConfigurationPlatforms) = postSolution
		{F4847B93-3577-4BDE-A87D-CB332B09F815}.Debug|Any CPU.ActiveCfg = Debug|Any CPU
		{F4847B93-3577-4BDE-A87D-CB332B09F815}.Debug|Any CPU.Build.0 = Debug|Any CPU
		{F4847B93-3577-4BDE-A87D-CB332B09F815}.Release|Any CPU.ActiveCfg = Release|Any CPU
		{F4847B93-3577-4BDE-A87D-CB332B09F815}.Release|Any CPU.Build.0 = Release|Any CPU
	EndGlobalSection
	GlobalSection(SolutionProperties) = preSolution
		HideSolutionNode = FALSE
	EndGlobalSection
	GlobalSection(ExtensibilityGlobals) = postSolution
		SolutionGuid = {DDBAE54A-65BB-4BEF-82AD-7E64976D6831}
	EndGlobalSection
EndGlobal
